<?xml version="1.0" encoding="utf-8"?>
<Project ToolsVersion="4.0" xmlns="http://schemas.microsoft.com/developer/msbuild/2003">
  <ItemGroup>
    <Filter Include="소스 파일">
      <UniqueIdentifier>{4FC737F1-C7A5-4376-A066-2A32D752A2FF}</UniqueIdentifier>
      <Extensions>cpp;c;cc;cxx;c++;cppm;ixx;def;odl;idl;hpj;bat;asm;asmx</Extensions>
    </Filter>
    <Filter Include="헤더 파일">
      <UniqueIdentifier>{93995380-89BD-4b04-88EB-625FBE52EBFB}</UniqueIdentifier>
      <Extensions>h;hh;hpp;hxx;h++;hm;inl;inc;ipp;xsd</Extensions>
    </Filter>
    <Filter Include="리소스 파일">
      <UniqueIdentifier>{67DA6AB6-F800-4c08-8B7A-83BB121AAD01}</UniqueIdentifier>
      <Extensions>rc;ico;cur;bmp;dlg;rc2;rct;bin;rgs;gif;jpg;jpeg;jpe;resx;tiff;tif;png;wav;mfcribbon-ms</Extensions>
    </Filter>
    <Filter Include="헤더 파일\Engine">
      <UniqueIdentifier>{78907830-c4f6-487d-8989-ddd5a2518784}</UniqueIdentifier>
    </Filter>
    <Filter Include="소스 파일\Engine">
      <UniqueIdentifier>{1843e90a-707c-4d83-bd07-fd55384679e1}</UniqueIdentifier>
    </Filter>
    <Filter Include="헤더 파일\Engine\GameContext">
      <UniqueIdentifier>{1fe12179-ccf1-4196-afe8-fa693d7c8316}</UniqueIdentifier>
    </Filter>
    <Filter Include="소스 파일\Engine\GameContext">
      <UniqueIdentifier>{8368d3c5-884e-407b-9625-18048564945e}</UniqueIdentifier>
    </Filter>
    <Filter Include="헤더 파일\Engine\IO">
      <UniqueIdentifier>{3e0680c1-e01d-4264-a374-c38559731521}</UniqueIdentifier>
    </Filter>
    <Filter Include="소스 파일\Engine\IO">
      <UniqueIdentifier>{184d325c-9c22-4b9c-bd36-0c1b5070853f}</UniqueIdentifier>
    </Filter>
    <Filter Include="헤더 파일\Engine\Utils">
      <UniqueIdentifier>{a72598ad-699e-4519-9af7-ed3453783858}</UniqueIdentifier>
    </Filter>
  </ItemGroup>
  <ItemGroup>
    <Text Include="..\구상파일\구상파일.txt">
      <Filter>리소스 파일</Filter>
    </Text>
  </ItemGroup>
  <ItemGroup>
    <ClCompile Include="..\Src\main.cpp">
      <Filter>소스 파일</Filter>
    </ClCompile>
    <ClCompile Include="..\Src\GameContext\GameContextData.cpp">
      <Filter>소스 파일\Engine\GameContext</Filter>
    </ClCompile>
    <ClCompile Include="..\Src\IO\ConsoleIOManager.cpp">
      <Filter>소스 파일\Engine\IO</Filter>
    </ClCompile>
  </ItemGroup>
  <ItemGroup>
    <ClInclude Include="..\Include\GameContext\GameContextData.hpp">
      <Filter>헤더 파일\Engine\GameContext</Filter>
    </ClInclude>
    <ClInclude Include="..\Include\IO\ConsoleIOManager.hpp">
      <Filter>헤더 파일\Engine\IO</Filter>
    </ClInclude>
    <ClInclude Include="..\Include\IO\Colors.hpp">
      <Filter>헤더 파일\Engine\IO</Filter>
    </ClInclude>
    <ClInclude Include="..\Include\Utils\StringUtils.hpp">
      <Filter>헤더 파일\Engine\Utils</Filter>
    </ClInclude>
  </ItemGroup>
</Project>